# This file was autogenerated by Stack.
# You should not edit this file by hand.
# For more information, please see the documentation at:
#   https://docs.haskellstack.org/en/stable/topics/lock_files

packages:
- completed:
    commit: 56ecd08161569ac267bb8ce5f1582285974ea783
    git: https://github.com/YoshikuniJujo/gpu-vulkan-core.git
    name: gpu-vulkan-core
    pantry-tree:
      sha256: d027df77506fd892f9ce99e3ed1597dcf4f137627cbb50bcaee505b62d2e8c85
      size: 5711
    version: 0.1.0.22
  original:
    commit: 56ecd08161569ac267bb8ce5f1582285974ea783
    git: https://github.com/YoshikuniJujo/gpu-vulkan-core.git
- completed:
    hackage: language-spir-v-0.1.0.3@sha256:c07d92777e2b0e4ac9bd3ef0902e50c046d42edf1a1a98d17e78d039d60d1351,2079
    pantry-tree:
      sha256: 070eec1689892418ff45135d972b3464fc884e102bbbbbf43f99e934d77db5e8
      size: 650
  original:
    hackage: language-spir-v-0.1.0.3
- completed:
    hackage: hetero-parameter-list-0.1.0.20@sha256:61ad64240999e4027fce99817fa939a0d2bfd0bbd81f9f444b4a8f774c51cd3e,1876
    pantry-tree:
      sha256: 2c2b3ffe107f59c42ef4ba6f535ddf74d035516017ff30564293a835b74c754e
      size: 459
  original:
    hackage: hetero-parameter-list-0.1.0.20
- completed:
    hackage: tools-yj-0.1.0.23@sha256:a199390c0f029c97f319aa373c203286ac426b93720802800642af87551fbd42,2210
    pantry-tree:
      sha256: b8f9d2977d276bd33df6a685372d8c43daabe657578ed5ab6ec43fd068369cfc
      size: 1163
  original:
    hackage: tools-yj-0.1.0.23
snapshots:
- completed:
    sha256: d129ed943d7204d72bbdf2c688d9c68030d901ee06a60223f52eae9c900ba976
    size: 677117
    url: https://raw.githubusercontent.com/commercialhaskell/stackage-snapshots/master/nightly/2025/4/9.yaml
  original: nightly-2025-04-09
