# This file was autogenerated by Stack.
# You should not edit this file by hand.
# For more information, please see the documentation at:
#   https://docs.haskellstack.org/en/stable/lock_files

packages:
- completed:
    commit: bf6219f56a7a99678f1bca7bbdb485737186abcf
    git: https://github.com/YoshikuniJujo/gpu-vulkan-core.git
    name: gpu-vulkan-core
    pantry-tree:
      sha256: 9364c7566f9b18a331c8c12c733a1068cd1fe8a8c24f72339f2f73fe884ebf0e
      size: 5637
    version: 0.1.0.21
  original:
    commit: bf6219f56a7a99678f1bca7bbdb485737186abcf
    git: https://github.com/YoshikuniJujo/gpu-vulkan-core.git
- completed:
    hackage: language-spir-v-0.1.0.3@sha256:c07d92777e2b0e4ac9bd3ef0902e50c046d42edf1a1a98d17e78d039d60d1351,2079
    pantry-tree:
      sha256: 070eec1689892418ff45135d972b3464fc884e102bbbbbf43f99e934d77db5e8
      size: 650
  original:
    hackage: language-spir-v-0.1.0.3
snapshots:
- completed:
    sha256: d4b754036615466653040ce9742690e95f5fed08649a96e2885b50d2cf8f25fc
    size: 629580
    url: https://raw.githubusercontent.com/commercialhaskell/stackage-snapshots/master/nightly/2025/1/14.yaml
  original: nightly-2025-01-14
