# This file was autogenerated by Stack.
# You should not edit this file by hand.
# For more information, please see the documentation at:
#   https://docs.haskellstack.org/en/stable/lock_files

packages:
- completed:
    commit: 0290ecd5bff27d06433db903dbb42ee3dfa9d851
    git: https://github.com/YoshikuniJujo/gpu-vulkan-core.git
    name: gpu-vulkan-core
    pantry-tree:
      sha256: 9cf542ec357cdbe9438b357b724f3c1ba5f7f33846f1e1719680f9c761a5bcd2
      size: 5407
    version: 0.1.0.16
  original:
    commit: 0290ecd5bff27d06433db903dbb42ee3dfa9d851
    git: https://github.com/YoshikuniJujo/gpu-vulkan-core.git
- completed:
    hackage: language-spir-v-0.1.0.1@sha256:856ab0219ee0c2b5ae759ba7c5c8a7421bdc6a8a62f5a6bf05a9171fcfa9c8d0,1991
    pantry-tree:
      sha256: abce419a94c3bceaa50e2a211c1e9de63d47e7b33a2ff8017b04904defd6dcdd
      size: 650
  original:
    hackage: language-spir-v-0.1.0.1
- completed:
    hackage: exception-hierarchy-0.1.0.12@sha256:69dd8c0d60d1fc5d0a56e5c4c6036f200e30b1a0085c5c82cdb565a6f965844a,871
    pantry-tree:
      sha256: 7adff6b75f60adcb02c45287df7b99c14c54fe3ad52a490eca7eb0ce941bfc27
      size: 299
  original:
    hackage: exception-hierarchy-0.1.0.12
snapshots:
- completed:
    sha256: d916c9e8ff5c95b38fb2fc5b25f2c3e35358dee76386c40fbbb27e579a36e9c6
    size: 605818
    url: https://raw.githubusercontent.com/commercialhaskell/stackage-snapshots/master/nightly/2024/12/13.yaml
  original: nightly-2024-12-13
